// !$*UTF8*$!
{
	archiveVersion = 1;
	classes = {
	};
	objectVersion = 46;
	objects = {

/* Begin PBXBuildFile section */
		CD7075D4175371CC00B3CF46 /* NSObject+SBJson.m in Sources */ = {isa = PBXBuildFile; fileRef = CD7075BC175371CC00B3CF46 /* NSObject+SBJson.m */; settings = {COMPILER_FLAGS = "-fno-objc-arc"; }; };
		CD7075D5175371CC00B3CF46 /* SBJsonParser.m in Sources */ = {isa = PBXBuildFile; fileRef = CD7075BF175371CC00B3CF46 /* SBJsonParser.m */; settings = {COMPILER_FLAGS = "-fno-objc-arc"; }; };
		CD7075D6175371CC00B3CF46 /* SBJsonStreamParser.m in Sources */ = {isa = PBXBuildFile; fileRef = CD7075C1175371CC00B3CF46 /* SBJsonStreamParser.m */; settings = {COMPILER_FLAGS = "-fno-objc-arc"; }; };
		CD7075D7175371CC00B3CF46 /* SBJsonStreamParserAccumulator.m in Sources */ = {isa = PBXBuildFile; fileRef = CD7075C3175371CC00B3CF46 /* SBJsonStreamParserAccumulator.m */; settings = {COMPILER_FLAGS = "-fno-objc-arc"; }; };
		CD7075D8175371CC00B3CF46 /* SBJsonStreamParserAdapter.m in Sources */ = {isa = PBXBuildFile; fileRef = CD7075C5175371CC00B3CF46 /* SBJsonStreamParserAdapter.m */; settings = {COMPILER_FLAGS = "-fno-objc-arc"; }; };
		CD7075D9175371CC00B3CF46 /* SBJsonStreamParserState.m in Sources */ = {isa = PBXBuildFile; fileRef = CD7075C7175371CC00B3CF46 /* SBJsonStreamParserState.m */; settings = {COMPILER_FLAGS = "-fno-objc-arc"; }; };
		CD7075DA175371CC00B3CF46 /* SBJsonStreamWriter.m in Sources */ = {isa = PBXBuildFile; fileRef = CD7075C9175371CC00B3CF46 /* SBJsonStreamWriter.m */; settings = {COMPILER_FLAGS = "-fno-objc-arc"; }; };
		CD7075DB175371CC00B3CF46 /* SBJsonStreamWriterAccumulator.m in Sources */ = {isa = PBXBuildFile; fileRef = CD7075CB175371CC00B3CF46 /* SBJsonStreamWriterAccumulator.m */; settings = {COMPILER_FLAGS = "-fno-objc-arc"; }; };
		CD7075DC175371CC00B3CF46 /* SBJsonStreamWriterState.m in Sources */ = {isa = PBXBuildFile; fileRef = CD7075CD175371CC00B3CF46 /* SBJsonStreamWriterState.m */; settings = {COMPILER_FLAGS = "-fno-objc-arc"; }; };
		CD7075DD175371CC00B3CF46 /* SBJsonTokeniser.m in Sources */ = {isa = PBXBuildFile; fileRef = CD7075CF175371CC00B3CF46 /* SBJsonTokeniser.m */; settings = {COMPILER_FLAGS = "-fno-objc-arc"; }; };
		CD7075DE175371CC00B3CF46 /* SBJsonUTF8Stream.m in Sources */ = {isa = PBXBuildFile; fileRef = CD7075D1175371CC00B3CF46 /* SBJsonUTF8Stream.m */; settings = {COMPILER_FLAGS = "-fno-objc-arc"; }; };
		CD7075DF175371CC00B3CF46 /* SBJsonWriter.m in Sources */ = {isa = PBXBuildFile; fileRef = CD7075D3175371CC00B3CF46 /* SBJsonWriter.m */; settings = {COMPILER_FLAGS = "-fno-objc-arc"; }; };
		CD70760E1753745C00B3CF46 /* EGOImageButton.m in Sources */ = {isa = PBXBuildFile; fileRef = CD7075FA1753745C00B3CF46 /* EGOImageButton.m */; settings = {COMPILER_FLAGS = "-fno-objc-arc"; }; };
		CD70760F1753745C00B3CF46 /* EGOImageLoadConnection.m in Sources */ = {isa = PBXBuildFile; fileRef = CD7075FD1753745C00B3CF46 /* EGOImageLoadConnection.m */; settings = {COMPILER_FLAGS = "-fno-objc-arc"; }; };
		CD7076101753745C00B3CF46 /* EGOImageLoader.m in Sources */ = {isa = PBXBuildFile; fileRef = CD7075FF1753745C00B3CF46 /* EGOImageLoader.m */; settings = {COMPILER_FLAGS = "-fno-objc-arc"; }; };
		CD7076111753745C00B3CF46 /* EGOImageView.m in Sources */ = {isa = PBXBuildFile; fileRef = CD7076021753745C00B3CF46 /* EGOImageView.m */; settings = {COMPILER_FLAGS = "-fno-objc-arc"; }; };
		CD7076191753755300B3CF46 /* EGOCache.m in Sources */ = {isa = PBXBuildFile; fileRef = CD7076171753755300B3CF46 /* EGOCache.m */; };
		CD70761A1753755300B3CF46 /* README.mdown in Resources */ = {isa = PBXBuildFile; fileRef = CD7076181753755300B3CF46 /* README.mdown */; };
		CD8537B01752366300C54D96 /* UIKit.framework in Frameworks */ = {isa = PBXBuildFile; fileRef = CD8537AF1752366300C54D96 /* UIKit.framework */; };
		CD8537B21752366300C54D96 /* Foundation.framework in Frameworks */ = {isa = PBXBuildFile; fileRef = CD8537B11752366300C54D96 /* Foundation.framework */; };
		CD8537B41752366300C54D96 /* CoreGraphics.framework in Frameworks */ = {isa = PBXBuildFile; fileRef = CD8537B31752366300C54D96 /* CoreGraphics.framework */; };
		CD8537BA1752366300C54D96 /* InfoPlist.strings in Resources */ = {isa = PBXBuildFile; fileRef = CD8537B81752366300C54D96 /* InfoPlist.strings */; };
		CD8537BC1752366300C54D96 /* main.m in Sources */ = {isa = PBXBuildFile; fileRef = CD8537BB1752366300C54D96 /* main.m */; };
		CD8537C01752366300C54D96 /* CommentsAppDelegate.m in Sources */ = {isa = PBXBuildFile; fileRef = CD8537BF1752366300C54D96 /* CommentsAppDelegate.m */; };
		CD8537C21752366300C54D96 /* Default.png in Resources */ = {isa = PBXBuildFile; fileRef = CD8537C11752366300C54D96 /* Default.png */; };
		CD8537C41752366300C54D96 /* Default@2x.png in Resources */ = {isa = PBXBuildFile; fileRef = CD8537C31752366300C54D96 /* Default@2x.png */; };
		CD8537C61752366300C54D96 /* Default-568h@2x.png in Resources */ = {isa = PBXBuildFile; fileRef = CD8537C51752366300C54D96 /* Default-568h@2x.png */; };
		CD8537C91752366300C54D96 /* MainStoryboard.storyboard in Resources */ = {isa = PBXBuildFile; fileRef = CD8537C71752366300C54D96 /* MainStoryboard.storyboard */; };
		CD8537CC1752366300C54D96 /* CommentsMasterViewController.m in Sources */ = {isa = PBXBuildFile; fileRef = CD8537CB1752366300C54D96 /* CommentsMasterViewController.m */; };
		CD8537CF1752366300C54D96 /* CommentsDetailViewController.m in Sources */ = {isa = PBXBuildFile; fileRef = CD8537CE1752366300C54D96 /* CommentsDetailViewController.m */; };
		CD8537D617524FC100C54D96 /* SystemConfiguration.framework in Frameworks */ = {isa = PBXBuildFile; fileRef = CD8537D517524FC100C54D96 /* SystemConfiguration.framework */; };
		CD8537D817524FCB00C54D96 /* CFNetwork.framework in Frameworks */ = {isa = PBXBuildFile; fileRef = CD8537D717524FCB00C54D96 /* CFNetwork.framework */; };
		CD8537DA17524FF200C54D96 /* MobileCoreServices.framework in Frameworks */ = {isa = PBXBuildFile; fileRef = CD8537D917524FF100C54D96 /* MobileCoreServices.framework */; };
		CD8537DC1752502700C54D96 /* libz.dylib in Frameworks */ = {isa = PBXBuildFile; fileRef = CD8537DB1752502700C54D96 /* libz.dylib */; };
		CD8537EA1752509200C54D96 /* ASIFormDataRequest.m in Sources */ = {isa = PBXBuildFile; fileRef = CD8537E01752509200C54D96 /* ASIFormDataRequest.m */; settings = {COMPILER_FLAGS = "-fno-objc-arc"; }; };
		CD8537EB1752509200C54D96 /* ASIHTTPRequest.m in Sources */ = {isa = PBXBuildFile; fileRef = CD8537E21752509200C54D96 /* ASIHTTPRequest.m */; settings = {COMPILER_FLAGS = "-fno-objc-arc"; }; };
		CD8537EC1752509200C54D96 /* ASINetworkQueue.m in Sources */ = {isa = PBXBuildFile; fileRef = CD8537E41752509200C54D96 /* ASINetworkQueue.m */; settings = {COMPILER_FLAGS = "-fno-objc-arc"; }; };
		CD8537ED1752509200C54D96 /* NSHTTPCookieAdditions.m in Sources */ = {isa = PBXBuildFile; fileRef = CD8537E61752509200C54D96 /* NSHTTPCookieAdditions.m */; settings = {COMPILER_FLAGS = "-fno-objc-arc"; }; };
		CD8537EE1752509200C54D96 /* Reachability.m in Sources */ = {isa = PBXBuildFile; fileRef = CD8537E91752509200C54D96 /* Reachability.m */; settings = {COMPILER_FLAGS = "-fno-objc-arc"; }; };
/* End PBXBuildFile section */

/* Begin PBXFileReference section */
		CD7075BA175371CC00B3CF46 /* JSON.h */ = {isa = PBXFileReference; fileEncoding = 4; lastKnownFileType = sourcecode.c.h; path = JSON.h; sourceTree = "<group>"; };
		CD7075BB175371CC00B3CF46 /* NSObject+SBJson.h */ = {isa = PBXFileReference; fileEncoding = 4; lastKnownFileType = sourcecode.c.h; path = "NSObject+SBJson.h"; sourceTree = "<group>"; };
		CD7075BC175371CC00B3CF46 /* NSObject+SBJson.m */ = {isa = PBXFileReference; fileEncoding = 4; lastKnownFileType = sourcecode.c.objc; path = "NSObject+SBJson.m"; sourceTree = "<group>"; };
		CD7075BD175371CC00B3CF46 /* SBJson.h */ = {isa = PBXFileReference; fileEncoding = 4; lastKnownFileType = sourcecode.c.h; path = SBJson.h; sourceTree = "<group>"; };
		CD7075BE175371CC00B3CF46 /* SBJsonParser.h */ = {isa = PBXFileReference; fileEncoding = 4; lastKnownFileType = sourcecode.c.h; path = SBJsonParser.h; sourceTree = "<group>"; };
		CD7075BF175371CC00B3CF46 /* SBJsonParser.m */ = {isa = PBXFileReference; fileEncoding = 4; lastKnownFileType = sourcecode.c.objc; path = SBJsonParser.m; sourceTree = "<group>"; };
		CD7075C0175371CC00B3CF46 /* SBJsonStreamParser.h */ = {isa = PBXFileReference; fileEncoding = 4; lastKnownFileType = sourcecode.c.h; path = SBJsonStreamParser.h; sourceTree = "<group>"; };
		CD7075C1175371CC00B3CF46 /* SBJsonStreamParser.m */ = {isa = PBXFileReference; fileEncoding = 4; lastKnownFileType = sourcecode.c.objc; path = SBJsonStreamParser.m; sourceTree = "<group>"; };
		CD7075C2175371CC00B3CF46 /* SBJsonStreamParserAccumulator.h */ = {isa = PBXFileReference; fileEncoding = 4; lastKnownFileType = sourcecode.c.h; path = SBJsonStreamParserAccumulator.h; sourceTree = "<group>"; };
		CD7075C3175371CC00B3CF46 /* SBJsonStreamParserAccumulator.m */ = {isa = PBXFileReference; fileEncoding = 4; lastKnownFileType = sourcecode.c.objc; path = SBJsonStreamParserAccumulator.m; sourceTree = "<group>"; };
		CD7075C4175371CC00B3CF46 /* SBJsonStreamParserAdapter.h */ = {isa = PBXFileReference; fileEncoding = 4; lastKnownFileType = sourcecode.c.h; path = SBJsonStreamParserAdapter.h; sourceTree = "<group>"; };
		CD7075C5175371CC00B3CF46 /* SBJsonStreamParserAdapter.m */ = {isa = PBXFileReference; fileEncoding = 4; lastKnownFileType = sourcecode.c.objc; path = SBJsonStreamParserAdapter.m; sourceTree = "<group>"; };
		CD7075C6175371CC00B3CF46 /* SBJsonStreamParserState.h */ = {isa = PBXFileReference; fileEncoding = 4; lastKnownFileType = sourcecode.c.h; path = SBJsonStreamParserState.h; sourceTree = "<group>"; };
		CD7075C7175371CC00B3CF46 /* SBJsonStreamParserState.m */ = {isa = PBXFileReference; fileEncoding = 4; lastKnownFileType = sourcecode.c.objc; path = SBJsonStreamParserState.m; sourceTree = "<group>"; };
		CD7075C8175371CC00B3CF46 /* SBJsonStreamWriter.h */ = {isa = PBXFileReference; fileEncoding = 4; lastKnownFileType = sourcecode.c.h; path = SBJsonStreamWriter.h; sourceTree = "<group>"; };
		CD7075C9175371CC00B3CF46 /* SBJsonStreamWriter.m */ = {isa = PBXFileReference; fileEncoding = 4; lastKnownFileType = sourcecode.c.objc; path = SBJsonStreamWriter.m; sourceTree = "<group>"; };
		CD7075CA175371CC00B3CF46 /* SBJsonStreamWriterAccumulator.h */ = {isa = PBXFileReference; fileEncoding = 4; lastKnownFileType = sourcecode.c.h; path = SBJsonStreamWriterAccumulator.h; sourceTree = "<group>"; };
		CD7075CB175371CC00B3CF46 /* SBJsonStreamWriterAccumulator.m */ = {isa = PBXFileReference; fileEncoding = 4; lastKnownFileType = sourcecode.c.objc; path = SBJsonStreamWriterAccumulator.m; sourceTree = "<group>"; };
		CD7075CC175371CC00B3CF46 /* SBJsonStreamWriterState.h */ = {isa = PBXFileReference; fileEncoding = 4; lastKnownFileType = sourcecode.c.h; path = SBJsonStreamWriterState.h; sourceTree = "<group>"; };
		CD7075CD175371CC00B3CF46 /* SBJsonStreamWriterState.m */ = {isa = PBXFileReference; fileEncoding = 4; lastKnownFileType = sourcecode.c.objc; path = SBJsonStreamWriterState.m; sourceTree = "<group>"; };
		CD7075CE175371CC00B3CF46 /* SBJsonTokeniser.h */ = {isa = PBXFileReference; fileEncoding = 4; lastKnownFileType = sourcecode.c.h; path = SBJsonTokeniser.h; sourceTree = "<group>"; };
		CD7075CF175371CC00B3CF46 /* SBJsonTokeniser.m */ = {isa = PBXFileReference; fileEncoding = 4; lastKnownFileType = sourcecode.c.objc; path = SBJsonTokeniser.m; sourceTree = "<group>"; };
		CD7075D0175371CC00B3CF46 /* SBJsonUTF8Stream.h */ = {isa = PBXFileReference; fileEncoding = 4; lastKnownFileType = sourcecode.c.h; path = SBJsonUTF8Stream.h; sourceTree = "<group>"; };
		CD7075D1175371CC00B3CF46 /* SBJsonUTF8Stream.m */ = {isa = PBXFileReference; fileEncoding = 4; lastKnownFileType = sourcecode.c.objc; path = SBJsonUTF8Stream.m; sourceTree = "<group>"; };
		CD7075D2175371CC00B3CF46 /* SBJsonWriter.h */ = {isa = PBXFileReference; fileEncoding = 4; lastKnownFileType = sourcecode.c.h; path = SBJsonWriter.h; sourceTree = "<group>"; };
		CD7075D3175371CC00B3CF46 /* SBJsonWriter.m */ = {isa = PBXFileReference; fileEncoding = 4; lastKnownFileType = sourcecode.c.objc; path = SBJsonWriter.m; sourceTree = "<group>"; };
		CD7075F91753745C00B3CF46 /* EGOImageButton.h */ = {isa = PBXFileReference; fileEncoding = 4; lastKnownFileType = sourcecode.c.h; path = EGOImageButton.h; sourceTree = "<group>"; };
		CD7075FA1753745C00B3CF46 /* EGOImageButton.m */ = {isa = PBXFileReference; fileEncoding = 4; lastKnownFileType = sourcecode.c.objc; path = EGOImageButton.m; sourceTree = "<group>"; };
		CD7075FC1753745C00B3CF46 /* EGOImageLoadConnection.h */ = {isa = PBXFileReference; fileEncoding = 4; lastKnownFileType = sourcecode.c.h; path = EGOImageLoadConnection.h; sourceTree = "<group>"; };
		CD7075FD1753745C00B3CF46 /* EGOImageLoadConnection.m */ = {isa = PBXFileReference; fileEncoding = 4; lastKnownFileType = sourcecode.c.objc; path = EGOImageLoadConnection.m; sourceTree = "<group>"; };
		CD7075FE1753745C00B3CF46 /* EGOImageLoader.h */ = {isa = PBXFileReference; fileEncoding = 4; lastKnownFileType = sourcecode.c.h; path = EGOImageLoader.h; sourceTree = "<group>"; };
		CD7075FF1753745C00B3CF46 /* EGOImageLoader.m */ = {isa = PBXFileReference; fileEncoding = 4; lastKnownFileType = sourcecode.c.objc; path = EGOImageLoader.m; sourceTree = "<group>"; };
		CD7076011753745C00B3CF46 /* EGOImageView.h */ = {isa = PBXFileReference; fileEncoding = 4; lastKnownFileType = sourcecode.c.h; path = EGOImageView.h; sourceTree = "<group>"; };
		CD7076021753745C00B3CF46 /* EGOImageView.m */ = {isa = PBXFileReference; fileEncoding = 4; lastKnownFileType = sourcecode.c.objc; path = EGOImageView.m; sourceTree = "<group>"; };
		CD7076161753755300B3CF46 /* EGOCache.h */ = {isa = PBXFileReference; fileEncoding = 4; lastKnownFileType = sourcecode.c.h; path = EGOCache.h; sourceTree = "<group>"; };
		CD7076171753755300B3CF46 /* EGOCache.m */ = {isa = PBXFileReference; fileEncoding = 4; lastKnownFileType = sourcecode.c.objc; path = EGOCache.m; sourceTree = "<group>"; };
		CD7076181753755300B3CF46 /* README.mdown */ = {isa = PBXFileReference; fileEncoding = 4; lastKnownFileType = text; path = README.mdown; sourceTree = "<group>"; };
		CD8537AC1752366300C54D96 /* Comments.app */ = {isa = PBXFileReference; explicitFileType = wrapper.application; includeInIndex = 0; path = Comments.app; sourceTree = BUILT_PRODUCTS_DIR; };
		CD8537AF1752366300C54D96 /* UIKit.framework */ = {isa = PBXFileReference; lastKnownFileType = wrapper.framework; name = UIKit.framework; path = System/Library/Frameworks/UIKit.framework; sourceTree = SDKROOT; };
		CD8537B11752366300C54D96 /* Foundation.framework */ = {isa = PBXFileReference; lastKnownFileType = wrapper.framework; name = Foundation.framework; path = System/Library/Frameworks/Foundation.framework; sourceTree = SDKROOT; };
		CD8537B31752366300C54D96 /* CoreGraphics.framework */ = {isa = PBXFileReference; lastKnownFileType = wrapper.framework; name = CoreGraphics.framework; path = System/Library/Frameworks/CoreGraphics.framework; sourceTree = SDKROOT; };
		CD8537B71752366300C54D96 /* Comments-Info.plist */ = {isa = PBXFileReference; lastKnownFileType = text.plist.xml; path = "Comments-Info.plist"; sourceTree = "<group>"; };
		CD8537B91752366300C54D96 /* en */ = {isa = PBXFileReference; lastKnownFileType = text.plist.strings; name = en; path = en.lproj/InfoPlist.strings; sourceTree = "<group>"; };
		CD8537BB1752366300C54D96 /* main.m */ = {isa = PBXFileReference; lastKnownFileType = sourcecode.c.objc; path = main.m; sourceTree = "<group>"; };
		CD8537BD1752366300C54D96 /* Comments-Prefix.pch */ = {isa = PBXFileReference; lastKnownFileType = sourcecode.c.h; path = "Comments-Prefix.pch"; sourceTree = "<group>"; };
		CD8537BE1752366300C54D96 /* CommentsAppDelegate.h */ = {isa = PBXFileReference; lastKnownFileType = sourcecode.c.h; path = CommentsAppDelegate.h; sourceTree = "<group>"; };
		CD8537BF1752366300C54D96 /* CommentsAppDelegate.m */ = {isa = PBXFileReference; lastKnownFileType = sourcecode.c.objc; path = CommentsAppDelegate.m; sourceTree = "<group>"; };
		CD8537C11752366300C54D96 /* Default.png */ = {isa = PBXFileReference; lastKnownFileType = image.png; path = Default.png; sourceTree = "<group>"; };
		CD8537C31752366300C54D96 /* Default@2x.png */ = {isa = PBXFileReference; lastKnownFileType = image.png; path = "Default@2x.png"; sourceTree = "<group>"; };
		CD8537C51752366300C54D96 /* Default-568h@2x.png */ = {isa = PBXFileReference; lastKnownFileType = image.png; path = "Default-568h@2x.png"; sourceTree = "<group>"; };
		CD8537C81752366300C54D96 /* en */ = {isa = PBXFileReference; lastKnownFileType = file.storyboard; name = en; path = en.lproj/MainStoryboard.storyboard; sourceTree = "<group>"; };
		CD8537CA1752366300C54D96 /* CommentsMasterViewController.h */ = {isa = PBXFileReference; lastKnownFileType = sourcecode.c.h; path = CommentsMasterViewController.h; sourceTree = "<group>"; };
		CD8537CB1752366300C54D96 /* CommentsMasterViewController.m */ = {isa = PBXFileReference; lastKnownFileType = sourcecode.c.objc; path = CommentsMasterViewController.m; sourceTree = "<group>"; };
		CD8537CD1752366300C54D96 /* CommentsDetailViewController.h */ = {isa = PBXFileReference; lastKnownFileType = sourcecode.c.h; path = CommentsDetailViewController.h; sourceTree = "<group>"; };
		CD8537CE1752366300C54D96 /* CommentsDetailViewController.m */ = {isa = PBXFileReference; lastKnownFileType = sourcecode.c.objc; path = CommentsDetailViewController.m; sourceTree = "<group>"; };
		CD8537D517524FC100C54D96 /* SystemConfiguration.framework */ = {isa = PBXFileReference; lastKnownFileType = wrapper.framework; name = SystemConfiguration.framework; path = System/Library/Frameworks/SystemConfiguration.framework; sourceTree = SDKROOT; };
		CD8537D717524FCB00C54D96 /* CFNetwork.framework */ = {isa = PBXFileReference; lastKnownFileType = wrapper.framework; name = CFNetwork.framework; path = System/Library/Frameworks/CFNetwork.framework; sourceTree = SDKROOT; };
		CD8537D917524FF100C54D96 /* MobileCoreServices.framework */ = {isa = PBXFileReference; lastKnownFileType = wrapper.framework; name = MobileCoreServices.framework; path = System/Library/Frameworks/MobileCoreServices.framework; sourceTree = SDKROOT; };
		CD8537DB1752502700C54D96 /* libz.dylib */ = {isa = PBXFileReference; lastKnownFileType = "compiled.mach-o.dylib"; name = libz.dylib; path = usr/lib/libz.dylib; sourceTree = SDKROOT; };
		CD8537DF1752509200C54D96 /* ASIFormDataRequest.h */ = {isa = PBXFileReference; fileEncoding = 4; lastKnownFileType = sourcecode.c.h; path = ASIFormDataRequest.h; sourceTree = "<group>"; };
		CD8537E01752509200C54D96 /* ASIFormDataRequest.m */ = {isa = PBXFileReference; fileEncoding = 4; lastKnownFileType = sourcecode.c.objc; path = ASIFormDataRequest.m; sourceTree = "<group>"; };
		CD8537E11752509200C54D96 /* ASIHTTPRequest.h */ = {isa = PBXFileReference; fileEncoding = 4; lastKnownFileType = sourcecode.c.h; path = ASIHTTPRequest.h; sourceTree = "<group>"; };
		CD8537E21752509200C54D96 /* ASIHTTPRequest.m */ = {isa = PBXFileReference; fileEncoding = 4; lastKnownFileType = sourcecode.c.objc; path = ASIHTTPRequest.m; sourceTree = "<group>"; };
		CD8537E31752509200C54D96 /* ASINetworkQueue.h */ = {isa = PBXFileReference; fileEncoding = 4; lastKnownFileType = sourcecode.c.h; path = ASINetworkQueue.h; sourceTree = "<group>"; };
		CD8537E41752509200C54D96 /* ASINetworkQueue.m */ = {isa = PBXFileReference; fileEncoding = 4; lastKnownFileType = sourcecode.c.objc; path = ASINetworkQueue.m; sourceTree = "<group>"; };
		CD8537E51752509200C54D96 /* NSHTTPCookieAdditions.h */ = {isa = PBXFileReference; fileEncoding = 4; lastKnownFileType = sourcecode.c.h; path = NSHTTPCookieAdditions.h; sourceTree = "<group>"; };
		CD8537E61752509200C54D96 /* NSHTTPCookieAdditions.m */ = {isa = PBXFileReference; fileEncoding = 4; lastKnownFileType = sourcecode.c.objc; path = NSHTTPCookieAdditions.m; sourceTree = "<group>"; };
		CD8537E81752509200C54D96 /* Reachability.h */ = {isa = PBXFileReference; fileEncoding = 4; lastKnownFileType = sourcecode.c.h; path = Reachability.h; sourceTree = "<group>"; };
		CD8537E91752509200C54D96 /* Reachability.m */ = {isa = PBXFileReference; fileEncoding = 4; lastKnownFileType = sourcecode.c.objc; path = Reachability.m; sourceTree = "<group>"; };
/* End PBXFileReference section */

/* Begin PBXFrameworksBuildPhase section */
		CD8537A91752366300C54D96 /* Frameworks */ = {
			isa = PBXFrameworksBuildPhase;
			buildActionMask = 2147483647;
			files = (
				CD8537DC1752502700C54D96 /* libz.dylib in Frameworks */,
				CD8537DA17524FF200C54D96 /* MobileCoreServices.framework in Frameworks */,
				CD8537D817524FCB00C54D96 /* CFNetwork.framework in Frameworks */,
				CD8537D617524FC100C54D96 /* SystemConfiguration.framework in Frameworks */,
				CD8537B01752366300C54D96 /* UIKit.framework in Frameworks */,
				CD8537B21752366300C54D96 /* Foundation.framework in Frameworks */,
				CD8537B41752366300C54D96 /* CoreGraphics.framework in Frameworks */,
			);
			runOnlyForDeploymentPostprocessing = 0;
		};
/* End PBXFrameworksBuildPhase section */

/* Begin PBXGroup section */
		CD7075B9175371CC00B3CF46 /* SBJSON */ = {
			isa = PBXGroup;
			children = (
				CD7075BA175371CC00B3CF46 /* JSON.h */,
				CD7075BB175371CC00B3CF46 /* NSObject+SBJson.h */,
				CD7075BC175371CC00B3CF46 /* NSObject+SBJson.m */,
				CD7075BD175371CC00B3CF46 /* SBJson.h */,
				CD7075BE175371CC00B3CF46 /* SBJsonParser.h */,
				CD7075BF175371CC00B3CF46 /* SBJsonParser.m */,
				CD7075C0175371CC00B3CF46 /* SBJsonStreamParser.h */,
				CD7075C1175371CC00B3CF46 /* SBJsonStreamParser.m */,
				CD7075C2175371CC00B3CF46 /* SBJsonStreamParserAccumulator.h */,
				CD7075C3175371CC00B3CF46 /* SBJsonStreamParserAccumulator.m */,
				CD7075C4175371CC00B3CF46 /* SBJsonStreamParserAdapter.h */,
				CD7075C5175371CC00B3CF46 /* SBJsonStreamParserAdapter.m */,
				CD7075C6175371CC00B3CF46 /* SBJsonStreamParserState.h */,
				CD7075C7175371CC00B3CF46 /* SBJsonStreamParserState.m */,
				CD7075C8175371CC00B3CF46 /* SBJsonStreamWriter.h */,
				CD7075C9175371CC00B3CF46 /* SBJsonStreamWriter.m */,
				CD7075CA175371CC00B3CF46 /* SBJsonStreamWriterAccumulator.h */,
				CD7075CB175371CC00B3CF46 /* SBJsonStreamWriterAccumulator.m */,
				CD7075CC175371CC00B3CF46 /* SBJsonStreamWriterState.h */,
				CD7075CD175371CC00B3CF46 /* SBJsonStreamWriterState.m */,
				CD7075CE175371CC00B3CF46 /* SBJsonTokeniser.h */,
				CD7075CF175371CC00B3CF46 /* SBJsonTokeniser.m */,
				CD7075D0175371CC00B3CF46 /* SBJsonUTF8Stream.h */,
				CD7075D1175371CC00B3CF46 /* SBJsonUTF8Stream.m */,
				CD7075D2175371CC00B3CF46 /* SBJsonWriter.h */,
				CD7075D3175371CC00B3CF46 /* SBJsonWriter.m */,
			);
			path = SBJSON;
			sourceTree = "<group>";
		};
		CD7075E21753745B00B3CF46 /* EGOImageLoading */ = {
			isa = PBXGroup;
			children = (
				CD7075F71753745C00B3CF46 /* EGOCache */,
				CD7075F81753745C00B3CF46 /* EGOImageButton */,
				CD7075FB1753745C00B3CF46 /* EGOImageLoader */,
				CD7076001753745C00B3CF46 /* EGOImageView */,
			);
			path = EGOImageLoading;
			sourceTree = "<group>";
		};
		CD7075F71753745C00B3CF46 /* EGOCache */ = {
			isa = PBXGroup;
			children = (
			);
			path = EGOCache;
			sourceTree = "<group>";
		};
		CD7075F81753745C00B3CF46 /* EGOImageButton */ = {
			isa = PBXGroup;
			children = (
				CD7075F91753745C00B3CF46 /* EGOImageButton.h */,
				CD7075FA1753745C00B3CF46 /* EGOImageButton.m */,
			);
			path = EGOImageButton;
			sourceTree = "<group>";
		};
		CD7075FB1753745C00B3CF46 /* EGOImageLoader */ = {
			isa = PBXGroup;
			children = (
				CD7075FC1753745C00B3CF46 /* EGOImageLoadConnection.h */,
				CD7075FD1753745C00B3CF46 /* EGOImageLoadConnection.m */,
				CD7075FE1753745C00B3CF46 /* EGOImageLoader.h */,
				CD7075FF1753745C00B3CF46 /* EGOImageLoader.m */,
			);
			path = EGOImageLoader;
			sourceTree = "<group>";
		};
		CD7076001753745C00B3CF46 /* EGOImageView */ = {
			isa = PBXGroup;
			children = (
				CD7076011753745C00B3CF46 /* EGOImageView.h */,
				CD7076021753745C00B3CF46 /* EGOImageView.m */,
			);
			path = EGOImageView;
			sourceTree = "<group>";
		};
		CD7076151753755300B3CF46 /* EGOCache */ = {
			isa = PBXGroup;
			children = (
				CD7076161753755300B3CF46 /* EGOCache.h */,
				CD7076171753755300B3CF46 /* EGOCache.m */,
				CD7076181753755300B3CF46 /* README.mdown */,
			);
			path = EGOCache;
			sourceTree = "<group>";
		};
		CD8537A31752366300C54D96 = {
			isa = PBXGroup;
			children = (
				CD8537B51752366300C54D96 /* Comments */,
				CD8537DD1752509200C54D96 /* Externals */,
				CD8537AE1752366300C54D96 /* Frameworks */,
				CD8537AD1752366300C54D96 /* Products */,
			);
			sourceTree = "<group>";
		};
		CD8537AD1752366300C54D96 /* Products */ = {
			isa = PBXGroup;
			children = (
				CD8537AC1752366300C54D96 /* Comments.app */,
			);
			name = Products;
			sourceTree = "<group>";
		};
		CD8537AE1752366300C54D96 /* Frameworks */ = {
			isa = PBXGroup;
			children = (
				CD8537DB1752502700C54D96 /* libz.dylib */,
				CD8537D917524FF100C54D96 /* MobileCoreServices.framework */,
				CD8537D717524FCB00C54D96 /* CFNetwork.framework */,
				CD8537D517524FC100C54D96 /* SystemConfiguration.framework */,
				CD8537AF1752366300C54D96 /* UIKit.framework */,
				CD8537B11752366300C54D96 /* Foundation.framework */,
				CD8537B31752366300C54D96 /* CoreGraphics.framework */,
			);
			name = Frameworks;
			sourceTree = "<group>";
		};
		CD8537B51752366300C54D96 /* Comments */ = {
			isa = PBXGroup;
			children = (
				CD8537BE1752366300C54D96 /* CommentsAppDelegate.h */,
				CD8537BF1752366300C54D96 /* CommentsAppDelegate.m */,
				CD8537C71752366300C54D96 /* MainStoryboard.storyboard */,
				CD8537CA1752366300C54D96 /* CommentsMasterViewController.h */,
				CD8537CB1752366300C54D96 /* CommentsMasterViewController.m */,
				CD8537CD1752366300C54D96 /* CommentsDetailViewController.h */,
				CD8537CE1752366300C54D96 /* CommentsDetailViewController.m */,
				CD8537B61752366300C54D96 /* Supporting Files */,
			);
			path = Comments;
			sourceTree = "<group>";
		};
		CD8537B61752366300C54D96 /* Supporting Files */ = {
			isa = PBXGroup;
			children = (
				CD8537B71752366300C54D96 /* Comments-Info.plist */,
				CD8537B81752366300C54D96 /* InfoPlist.strings */,
				CD8537BB1752366300C54D96 /* main.m */,
				CD8537BD1752366300C54D96 /* Comments-Prefix.pch */,
				CD8537C11752366300C54D96 /* Default.png */,
				CD8537C31752366300C54D96 /* Default@2x.png */,
				CD8537C51752366300C54D96 /* Default-568h@2x.png */,
			);
			name = "Supporting Files";
			sourceTree = "<group>";
		};
		CD8537DD1752509200C54D96 /* Externals */ = {
			isa = PBXGroup;
			children = (
				CD7076151753755300B3CF46 /* EGOCache */,
				CD7075E21753745B00B3CF46 /* EGOImageLoading */,
				CD7075B9175371CC00B3CF46 /* SBJSON */,
				CD8537DE1752509200C54D96 /* ASIHTTPRequest */,
				CD8537E71752509200C54D96 /* Reachability */,
			);
			path = Externals;
			sourceTree = "<group>";
		};
		CD8537DE1752509200C54D96 /* ASIHTTPRequest */ = {
			isa = PBXGroup;
			children = (
				CD8537DF1752509200C54D96 /* ASIFormDataRequest.h */,
				CD8537E01752509200C54D96 /* ASIFormDataRequest.m */,
				CD8537E11752509200C54D96 /* ASIHTTPRequest.h */,
				CD8537E21752509200C54D96 /* ASIHTTPRequest.m */,
				CD8537E31752509200C54D96 /* ASINetworkQueue.h */,
				CD8537E41752509200C54D96 /* ASINetworkQueue.m */,
				CD8537E51752509200C54D96 /* NSHTTPCookieAdditions.h */,
				CD8537E61752509200C54D96 /* NSHTTPCookieAdditions.m */,
			);
			path = ASIHTTPRequest;
			sourceTree = "<group>";
		};
		CD8537E71752509200C54D96 /* Reachability */ = {
			isa = PBXGroup;
			children = (
				CD8537E81752509200C54D96 /* Reachability.h */,
				CD8537E91752509200C54D96 /* Reachability.m */,
			);
			path = Reachability;
			sourceTree = "<group>";
		};
/* End PBXGroup section */

/* Begin PBXNativeTarget section */
		CD8537AB1752366300C54D96 /* Comments */ = {
			isa = PBXNativeTarget;
			buildConfigurationList = CD8537D21752366300C54D96 /* Build configuration list for PBXNativeTarget "Comments" */;
			buildPhases = (
				CD8537A81752366300C54D96 /* Sources */,
				CD8537A91752366300C54D96 /* Frameworks */,
				CD8537AA1752366300C54D96 /* Resources */,
			);
			buildRules = (
			);
			dependencies = (
			);
			name = Comments;
			productName = Comments;
			productReference = CD8537AC1752366300C54D96 /* Comments.app */;
			productType = "com.apple.product-type.application";
		};
/* End PBXNativeTarget section */

/* Begin PBXProject section */
		CD8537A41752366300C54D96 /* Project object */ = {
			isa = PBXProject;
			attributes = {
				CLASSPREFIX = Comments;
				LastUpgradeCheck = 0460;
				ORGANIZATIONNAME = iAron;
			};
			buildConfigurationList = CD8537A71752366300C54D96 /* Build configuration list for PBXProject "Comments" */;
			compatibilityVersion = "Xcode 3.2";
			developmentRegion = English;
			hasScannedForEncodings = 0;
			knownRegions = (
				en,
			);
			mainGroup = CD8537A31752366300C54D96;
			productRefGroup = CD8537AD1752366300C54D96 /* Products */;
			projectDirPath = "";
			projectRoot = "";
			targets = (
				CD8537AB1752366300C54D96 /* Comments */,
			);
		};
/* End PBXProject section */

/* Begin PBXResourcesBuildPhase section */
		CD8537AA1752366300C54D96 /* Resources */ = {
			isa = PBXResourcesBuildPhase;
			buildActionMask = 2147483647;
			files = (
				CD8537BA1752366300C54D96 /* InfoPlist.strings in Resources */,
				CD8537C21752366300C54D96 /* Default.png in Resources */,
				CD8537C41752366300C54D96 /* Default@2x.png in Resources */,
				CD8537C61752366300C54D96 /* Default-568h@2x.png in Resources */,
				CD8537C91752366300C54D96 /* MainStoryboard.storyboard in Resources */,
				CD70761A1753755300B3CF46 /* README.mdown in Resources */,
			);
			runOnlyForDeploymentPostprocessing = 0;
		};
/* End PBXResourcesBuildPhase section */

/* Begin PBXSourcesBuildPhase section */
		CD8537A81752366300C54D96 /* Sources */ = {
			isa = PBXSourcesBuildPhase;
			buildActionMask = 2147483647;
			files = (
				CD8537BC1752366300C54D96 /* main.m in Sources */,
				CD8537C01752366300C54D96 /* CommentsAppDelegate.m in Sources */,
				CD8537CC1752366300C54D96 /* CommentsMasterViewController.m in Sources */,
				CD8537CF1752366300C54D96 /* CommentsDetailViewController.m in Sources */,
				CD8537EA1752509200C54D96 /* ASIFormDataRequest.m in Sources */,
				CD8537EB1752509200C54D96 /* ASIHTTPRequest.m in Sources */,
				CD8537EC1752509200C54D96 /* ASINetworkQueue.m in Sources */,
				CD8537ED1752509200C54D96 /* NSHTTPCookieAdditions.m in Sources */,
				CD8537EE1752509200C54D96 /* Reachability.m in Sources */,
				CD7075D4175371CC00B3CF46 /* NSObject+SBJson.m in Sources */,
				CD7075D5175371CC00B3CF46 /* SBJsonParser.m in Sources */,
				CD7075D6175371CC00B3CF46 /* SBJsonStreamParser.m in Sources */,
				CD7075D7175371CC00B3CF46 /* SBJsonStreamParserAccumulator.m in Sources */,
				CD7075D8175371CC00B3CF46 /* SBJsonStreamParserAdapter.m in Sources */,
				CD7075D9175371CC00B3CF46 /* SBJsonStreamParserState.m in Sources */,
				CD7075DA175371CC00B3CF46 /* SBJsonStreamWriter.m in Sources */,
				CD7075DB175371CC00B3CF46 /* SBJsonStreamWriterAccumulator.m in Sources */,
				CD7075DC175371CC00B3CF46 /* SBJsonStreamWriterState.m in Sources */,
				CD7075DD175371CC00B3CF46 /* SBJsonTokeniser.m in Sources */,
				CD7075DE175371CC00B3CF46 /* SBJsonUTF8Stream.m in Sources */,
				CD7075DF175371CC00B3CF46 /* SBJsonWriter.m in Sources */,
				CD70760E1753745C00B3CF46 /* EGOImageButton.m in Sources */,
				CD70760F1753745C00B3CF46 /* EGOImageLoadConnection.m in Sources */,
				CD7076101753745C00B3CF46 /* EGOImageLoader.m in Sources */,
				CD7076111753745C00B3CF46 /* EGOImageView.m in Sources */,
				CD7076191753755300B3CF46 /* EGOCache.m in Sources */,
			);
			runOnlyForDeploymentPostprocessing = 0;
		};
/* End PBXSourcesBuildPhase section */

/* Begin PBXVariantGroup section */
		CD8537B81752366300C54D96 /* InfoPlist.strings */ = {
			isa = PBXVariantGroup;
			children = (
				CD8537B91752366300C54D96 /* en */,
			);
			name = InfoPlist.strings;
			sourceTree = "<group>";
		};
		CD8537C71752366300C54D96 /* MainStoryboard.storyboard */ = {
			isa = PBXVariantGroup;
			children = (
				CD8537C81752366300C54D96 /* en */,
			);
			name = MainStoryboard.storyboard;
			sourceTree = "<group>";
		};
/* End PBXVariantGroup section */

/* Begin XCBuildConfiguration section */
		CD8537D01752366300C54D96 /* Debug */ = {
			isa = XCBuildConfiguration;
			buildSettings = {
				ALWAYS_SEARCH_USER_PATHS = NO;
				CLANG_CXX_LANGUAGE_STANDARD = "gnu++0x";
				CLANG_CXX_LIBRARY = "libc++";
				CLANG_ENABLE_OBJC_ARC = YES;
				CLANG_WARN_CONSTANT_CONVERSION = YES;
				CLANG_WARN_EMPTY_BODY = YES;
				CLANG_WARN_ENUM_CONVERSION = YES;
				CLANG_WARN_INT_CONVERSION = YES;
				CLANG_WARN__DUPLICATE_METHOD_MATCH = YES;
				"CODE_SIGN_IDENTITY[sdk=iphoneos*]" = "iPhone Developer";
				COPY_PHASE_STRIP = NO;
				GCC_C_LANGUAGE_STANDARD = gnu99;
				GCC_DYNAMIC_NO_PIC = NO;
				GCC_OPTIMIZATION_LEVEL = 0;
				GCC_PREPROCESSOR_DEFINITIONS = (
					"DEBUG=1",
					"$(inherited)",
				);
				GCC_SYMBOLS_PRIVATE_EXTERN = NO;
				GCC_WARN_ABOUT_RETURN_TYPE = YES;
				GCC_WARN_UNINITIALIZED_AUTOS = YES;
				GCC_WARN_UNUSED_VARIABLE = YES;
				IPHONEOS_DEPLOYMENT_TARGET = 5.0;
				ONLY_ACTIVE_ARCH = YES;
				SDKROOT = iphoneos;
			};
			name = Debug;
		};
		CD8537D11752366300C54D96 /* Release */ = {
			isa = XCBuildConfiguration;
			buildSettings = {
				ALWAYS_SEARCH_USER_PATHS = NO;
				CLANG_CXX_LANGUAGE_STANDARD = "gnu++0x";
				CLANG_CXX_LIBRARY = "libc++";
				CLANG_ENABLE_OBJC_ARC = YES;
				CLANG_WARN_CONSTANT_CONVERSION = YES;
				CLANG_WARN_EMPTY_BODY = YES;
				CLANG_WARN_ENUM_CONVERSION = YES;
				CLANG_WARN_INT_CONVERSION = YES;
				CLANG_WARN__DUPLICATE_METHOD_MATCH = YES;
				"CODE_SIGN_IDENTITY[sdk=iphoneos*]" = "iPhone Developer";
				COPY_PHASE_STRIP = YES;
				GCC_C_LANGUAGE_STANDARD = gnu99;
				GCC_WARN_ABOUT_RETURN_TYPE = YES;
				GCC_WARN_UNINITIALIZED_AUTOS = YES;
				GCC_WARN_UNUSED_VARIABLE = YES;
				IPHONEOS_DEPLOYMENT_TARGET = 5.0;
				OTHER_CFLAGS = "-DNS_BLOCK_ASSERTIONS=1";
				SDKROOT = iphoneos;
				VALIDATE_PRODUCT = YES;
			};
			name = Release;
		};
		CD8537D31752366300C54D96 /* Debug */ = {
			isa = XCBuildConfiguration;
			buildSettings = {
				GCC_PRECOMPILE_PREFIX_HEADER = YES;
				GCC_PREFIX_HEADER = "Comments/Comments-Prefix.pch";
				INFOPLIST_FILE = "Comments/Comments-Info.plist";
				IPHONEOS_DEPLOYMENT_TARGET = 5.0;
				PRODUCT_NAME = "$(TARGET_NAME)";
				WRAPPER_EXTENSION = app;
			};
			name = Debug;
		};
		CD8537D41752366300C54D96 /* Release */ = {
			isa = XCBuildConfiguration;
			buildSettings = {
				GCC_PRECOMPILE_PREFIX_HEADER = YES;
				GCC_PREFIX_HEADER = "Comments/Comments-Prefix.pch";
				INFOPLIST_FILE = "Comments/Comments-Info.plist";
				IPHONEOS_DEPLOYMENT_TARGET = 5.0;
				PRODUCT_NAME = "$(TARGET_NAME)";
				WRAPPER_EXTENSION = app;
			};
			name = Release;
		};
/* End XCBuildConfiguration section */

/* Begin XCConfigurationList section */
		CD8537A71752366300C54D96 /* Build configuration list for PBXProject "Comments" */ = {
			isa = XCConfigurationList;
			buildConfigurations = (
				CD8537D01752366300C54D96 /* Debug */,
				CD8537D11752366300C54D96 /* Release */,
			);
			defaultConfigurationIsVisible = 0;
			defaultConfigurationName = Release;
		};
		CD8537D21752366300C54D96 /* Build configuration list for PBXNativeTarget "Comments" */ = {
			isa = XCConfigurationList;
			buildConfigurations = (
				CD8537D31752366300C54D96 /* Debug */,
				CD8537D41752366300C54D96 /* Release */,
			);
			defaultConfigurationIsVisible = 0;
			defaultConfigurationName = Release;
		};
/* End XCConfigurationList section */
	};
	rootObject = CD8537A41752366300C54D96 /* Project object */;
}
